# THIS IS AN AUTOGENERATED FILE. DO NOT EDIT THIS FILE DIRECTLY.
# yarn lockfile v1


"@babel/helper-annotate-as-pure@^7.18.6":
  version "7.18.6"
  resolved "https://registry.yarnpkg.com/@babel/helper-annotate-as-pure/-/helper-annotate-as-pure-7.18.6.tgz#eaa49f6f80d5a33f9a5dd2276e6d6e451be0a6bb"
  integrity sha512-duORpUiYrEpzKIop6iNbjnwKLAKnJ47csTyRACyEmWj0QdUrm5aqNJGHSSEQSUAvNW0ojX0dOmK9dZduvkfeXA==
  dependencies:
    "@babel/types" "^7.18.6"

"@babel/helper-module-imports@^7.18.6":
  version "7.18.6"
  resolved "https://registry.yarnpkg.com/@babel/helper-module-imports/-/helper-module-imports-7.18.6.tgz#1e3ebdbbd08aad1437b428c50204db13c5a3ca6e"
  integrity sha512-0NFvs3VkuSYbFi1x2Vd6tKrywq+z/cLeYC/RJNFrIX/30Bf5aiGYbtvGXolEktzJH8o5E5KJ3tT+nkxuuZFVlA==
  dependencies:
    "@babel/types" "^7.18.6"

"@babel/helper-plugin-utils@^7.18.6", "@babel/helper-plugin-utils@^7.20.2":
  version "7.20.2"
  resolved "https://registry.yarnpkg.com/@babel/helper-plugin-utils/-/helper-plugin-utils-7.20.2.tgz#d1b9000752b18d0877cff85a5c376ce5c3121629"
  integrity sha512-8RvlJG2mj4huQ4pZ+rU9lqKi9ZKiRmuvGuM2HlWmkmgOhbs6zEAw6IEiJ5cQqGbDzGZOhwuOQNtZMi/ENLjZoQ==

"@babel/helper-string-parser@^7.19.4":
  version "7.19.4"
  resolved "https://registry.yarnpkg.com/@babel/helper-string-parser/-/helper-string-parser-7.19.4.tgz#38d3acb654b4701a9b77fb0615a96f775c3a9e63"
  integrity sha512-nHtDoQcuqFmwYNYPz3Rah5ph2p8PFeFCsZk9A/48dPc/rGocJ5J3hAAZ7pb76VWX3fZKu+uEr/FhH5jLx7umrw==

"@babel/helper-validator-identifier@^7.19.1":
  version "7.19.1"
  resolved "https://registry.yarnpkg.com/@babel/helper-validator-identifier/-/helper-validator-identifier-7.19.1.tgz#7eea834cf32901ffdc1a7ee555e2f9c27e249ca2"
  integrity sha512-awrNfaMtnHUr653GgGEs++LlAvW6w+DcPrOliSMXWCKo597CwL5Acf/wWdNkf/tfEQE3mjkeD1YOVZOUV/od1w==

"@babel/helper-validator-option@^7.18.6":
  version "7.18.6"
  resolved "https://registry.yarnpkg.com/@babel/helper-validator-option/-/helper-validator-option-7.18.6.tgz#bf0d2b5a509b1f336099e4ff36e1a63aa5db4db8"
  integrity sha512-XO7gESt5ouv/LRJdrVjkShckw6STTaB7l9BrpBaAHDeF5YZT+01PCwmR0SJHnkW6i8OwW/EVWRShfi4j2x+KQw==

"@babel/plugin-syntax-jsx@^7.18.6":
  version "7.18.6"
  resolved "https://registry.yarnpkg.com/@babel/plugin-syntax-jsx/-/plugin-syntax-jsx-7.18.6.tgz#a8feef63b010150abd97f1649ec296e849943ca0"
  integrity sha512-6mmljtAedFGTWu2p/8WIORGwy+61PLgOMPOdazc7YoJ9ZCWUyFy3A6CpPkRKLKD1ToAesxX8KGEViAiLo9N+7Q==
  dependencies:
    "@babel/helper-plugin-utils" "^7.18.6"

"@babel/plugin-transform-react-display-name@^7.18.6":
  version "7.18.6"
  resolved "https://registry.yarnpkg.com/@babel/plugin-transform-react-display-name/-/plugin-transform-react-display-name-7.18.6.tgz#8b1125f919ef36ebdfff061d664e266c666b9415"
  integrity sha512-TV4sQ+T013n61uMoygyMRm+xf04Bd5oqFpv2jAEQwSZ8NwQA7zeRPg1LMVg2PWi3zWBz+CLKD+v5bcpZ/BS0aA==
  dependencies:
    "@babel/helper-plugin-utils" "^7.18.6"

"@babel/plugin-transform-react-jsx-development@^7.18.6":
  version "7.18.6"
  resolved "https://registry.yarnpkg.com/@babel/plugin-transform-react-jsx-development/-/plugin-transform-react-jsx-development-7.18.6.tgz#dbe5c972811e49c7405b630e4d0d2e1380c0ddc5"
  integrity sha512-SA6HEjwYFKF7WDjWcMcMGUimmw/nhNRDWxr+KaLSCrkD/LMDBvWRmHAYgE1HDeF8KUuI8OAu+RT6EOtKxSW2qA==
  dependencies:
    "@babel/plugin-transform-react-jsx" "^7.18.6"

"@babel/plugin-transform-react-jsx@^7.18.6":
  version "7.20.13"
  resolved "https://registry.yarnpkg.com/@babel/plugin-transform-react-jsx/-/plugin-transform-react-jsx-7.20.13.tgz#f950f0b0c36377503d29a712f16287cedf886cbb"
  integrity sha512-MmTZx/bkUrfJhhYAYt3Urjm+h8DQGrPrnKQ94jLo7NLuOU+T89a7IByhKmrb8SKhrIYIQ0FN0CHMbnFRen4qNw==
  dependencies:
    "@babel/helper-annotate-as-pure" "^7.18.6"
    "@babel/helper-module-imports" "^7.18.6"
    "@babel/helper-plugin-utils" "^7.20.2"
    "@babel/plugin-syntax-jsx" "^7.18.6"
    "@babel/types" "^7.20.7"

"@babel/plugin-transform-react-pure-annotations@^7.18.6":
  version "7.18.6"
  resolved "https://registry.yarnpkg.com/@babel/plugin-transform-react-pure-annotations/-/plugin-transform-react-pure-annotations-7.18.6.tgz#561af267f19f3e5d59291f9950fd7b9663d0d844"
  integrity sha512-I8VfEPg9r2TRDdvnHgPepTKvuRomzA8+u+nhY7qSI1fR2hRNebasZEETLyM5mAUr0Ku56OkXJ0I7NHJnO6cJiQ==
  dependencies:
    "@babel/helper-annotate-as-pure" "^7.18.6"
    "@babel/helper-plugin-utils" "^7.18.6"

"@babel/preset-react@^7.18.6":
  version "7.18.6"
  resolved "https://registry.yarnpkg.com/@babel/preset-react/-/preset-react-7.18.6.tgz#979f76d6277048dc19094c217b507f3ad517dd2d"
  integrity sha512-zXr6atUmyYdiWRVLOZahakYmOBHtWc2WGCkP8PYTgZi0iJXDY2CN180TdrIW4OGOAdLc7TifzDIvtx6izaRIzg==
  dependencies:
    "@babel/helper-plugin-utils" "^7.18.6"
    "@babel/helper-validator-option" "^7.18.6"
    "@babel/plugin-transform-react-display-name" "^7.18.6"
    "@babel/plugin-transform-react-jsx" "^7.18.6"
    "@babel/plugin-transform-react-jsx-development" "^7.18.6"
    "@babel/plugin-transform-react-pure-annotations" "^7.18.6"

"@babel/types@^7.18.6", "@babel/types@^7.20.7":
  version "7.20.7"
  resolved "https://registry.yarnpkg.com/@babel/types/-/types-7.20.7.tgz#54ec75e252318423fc07fb644dc6a58a64c09b7f"
  integrity sha512-69OnhBxSSgK0OzTJai4kyPDiKTIe3j+ctaHdIGVbRahTLAT7L3R9oeXHC2aVSuGYt3cVnoAMDmOCgJ2yaiLMvg==
  dependencies:
    "@babel/helper-string-parser" "^7.19.4"
    "@babel/helper-validator-identifier" "^7.19.1"
    to-fast-properties "^2.0.0"

"@jest/schemas@^29.4.2":
  version "29.4.2"
  resolved "https://registry.yarnpkg.com/@jest/schemas/-/schemas-29.4.2.tgz#cf7cfe97c5649f518452b176c47ed07486270fc1"
  integrity sha512-ZrGzGfh31NtdVH8tn0mgJw4khQuNHiKqdzJAFbCaERbyCP9tHlxWuL/mnMu8P7e/+k4puWjI1NOzi/sFsjce/g==
  dependencies:
    "@sinclair/typebox" "^0.25.16"

"@jest/types@^29.4.2":
  version "29.4.2"
  resolved "https://registry.yarnpkg.com/@jest/types/-/types-29.4.2.tgz#8f724a414b1246b2bfd56ca5225d9e1f39540d82"
  integrity sha512-CKlngyGP0fwlgC1BRUtPZSiWLBhyS9dKwKmyGxk8Z6M82LBEGB2aLQSg+U1MyLsU+M7UjnlLllBM2BLWKVm/Uw==
  dependencies:
    "@jest/schemas" "^29.4.2"
    "@types/istanbul-lib-coverage" "^2.0.0"
    "@types/istanbul-reports" "^3.0.0"
    "@types/node" "*"
    "@types/yargs" "^17.0.8"
    chalk "^4.0.0"

"@sinclair/typebox@^0.25.16":
  version "0.25.21"
  resolved "https://registry.yarnpkg.com/@sinclair/typebox/-/typebox-0.25.21.tgz#763b05a4b472c93a8db29b2c3e359d55b29ce272"
  integrity sha512-gFukHN4t8K4+wVC+ECqeqwzBDeFeTzBXroBTqE6vcWrQGbEUpHO7LYdG0f4xnvYq4VOEwITSlHlp0JBAIFMS/g==

"@trysound/sax@0.2.0":
  version "0.2.0"
  resolved "https://registry.yarnpkg.com/@trysound/sax/-/sax-0.2.0.tgz#cccaab758af56761eb7bf37af6f03f326dd798ad"
  integrity sha512-L7z9BgrNEcYyUYtF+HaEfiS5ebkh9jXqbszz7pC0hRBPaatV0XjSD3+eHrpqFemQfgwiFF0QPIarnIihIDn7OA==

"@types/istanbul-lib-coverage@*", "@types/istanbul-lib-coverage@^2.0.0":
  version "2.0.4"
  resolved "https://registry.yarnpkg.com/@types/istanbul-lib-coverage/-/istanbul-lib-coverage-2.0.4.tgz#8467d4b3c087805d63580480890791277ce35c44"
  integrity sha512-z/QT1XN4K4KYuslS23k62yDIDLwLFkzxOuMplDtObz0+y7VqJCaO2o+SPwHCvLFZh7xazvvoor2tA/hPz9ee7g==

"@types/istanbul-lib-report@*":
  version "3.0.0"
  resolved "https://registry.yarnpkg.com/@types/istanbul-lib-report/-/istanbul-lib-report-3.0.0.tgz#c14c24f18ea8190c118ee7562b7ff99a36552686"
  integrity sha512-plGgXAPfVKFoYfa9NpYDAkseG+g6Jr294RqeqcqDixSbU34MZVJRi/P+7Y8GDpzkEwLaGZZOpKIEmeVZNtKsrg==
  dependencies:
    "@types/istanbul-lib-coverage" "*"

"@types/istanbul-reports@^3.0.0":
  version "3.0.1"
  resolved "https://registry.yarnpkg.com/@types/istanbul-reports/-/istanbul-reports-3.0.1.tgz#9153fe98bba2bd565a63add9436d6f0d7f8468ff"
  integrity sha512-c3mAZEuK0lvBp8tmuL74XRKn1+y2dcwOUpH7x4WrF6gk1GIgiluDRgMYQtw2OFcBvAJWlt6ASU3tSqxp0Uu0Aw==
  dependencies:
    "@types/istanbul-lib-report" "*"

"@types/json-schema@^7.0.9":
  version "7.0.11"
  resolved "https://registry.yarnpkg.com/@types/json-schema/-/json-schema-7.0.11.tgz#d421b6c527a3037f7c84433fd2c4229e016863d3"
  integrity sha512-wOuvG1SN4Us4rez+tylwwwCV1psiNVOkJeM3AUWUNWg/jDQY2+HE/444y5gc+jBmRqASOm2Oeh5c1axHobwRKQ==

"@types/node@*":
  version "18.13.0"
  resolved "https://registry.yarnpkg.com/@types/node/-/node-18.13.0.tgz#0400d1e6ce87e9d3032c19eb6c58205b0d3f7850"
  integrity sha512-gC3TazRzGoOnoKAhUx+Q0t8S9Tzs74z7m0ipwGpSqQrleP14hKxP4/JUeEQcD3W1/aIpnWl8pHowI7WokuZpXg==

"@types/yargs-parser@*":
  version "21.0.0"
  resolved "https://registry.yarnpkg.com/@types/yargs-parser/-/yargs-parser-21.0.0.tgz#0c60e537fa790f5f9472ed2776c2b71ec117351b"
  integrity sha512-iO9ZQHkZxHn4mSakYV0vFHAVDyEOIJQrV2uZ06HxEPcx+mt8swXoZHIbaaJ2crJYFfErySgktuTZ3BeLz+XmFA==

"@types/yargs@^17.0.8":
  version "17.0.22"
  resolved "https://registry.yarnpkg.com/@types/yargs/-/yargs-17.0.22.tgz#7dd37697691b5f17d020f3c63e7a45971ff71e9a"
  integrity sha512-pet5WJ9U8yPVRhkwuEIp5ktAeAqRZOq4UdAyWLWzxbtpyXnzbtLdKiXAjJzi/KLmPGS9wk86lUFWZFN6sISo4g==
  dependencies:
    "@types/yargs-parser" "*"

ajv-formats@^2.1.1:
  version "2.1.1"
  resolved "https://registry.yarnpkg.com/ajv-formats/-/ajv-formats-2.1.1.tgz#6e669400659eb74973bbf2e33327180a0996b520"
  integrity sha512-Wx0Kx52hxE7C18hkMEggYlEifqWZtYaRgouJor+WMdPnQyEK13vgEWyVNup7SoeeoLMsr4kf5h6dOW11I15MUA==
  dependencies:
    ajv "^8.0.0"

ajv-keywords@^5.0.0:
  version "5.1.0"
  resolved "https://registry.yarnpkg.com/ajv-keywords/-/ajv-keywords-5.1.0.tgz#69d4d385a4733cdbeab44964a1170a88f87f0e16"
  integrity sha512-YCS/JNFAUyr5vAuhk1DWm1CBxRHW9LbJ2ozWeemrIqpbsqKjHVxYPyi5GC0rjZIT5JxJ3virVTS8wk4i/Z+krw==
  dependencies:
    fast-deep-equal "^3.1.3"

ajv@^8.0.0, ajv@^8.8.0:
  version "8.12.0"
  resolved "https://registry.yarnpkg.com/ajv/-/ajv-8.12.0.tgz#d1a0527323e22f53562c567c00991577dfbe19d1"
  integrity sha512-sRu1kpcO9yLtYxBKvqfTeh9KzZEwO3STyX1HT+4CaDzC6HpTGYhIhPIzj9XuKU7KYDwnaeh5hcOwjy1QuJzBPA==
  dependencies:
    fast-deep-equal "^3.1.1"
    json-schema-traverse "^1.0.0"
    require-from-string "^2.0.2"
    uri-js "^4.2.2"

ansi-styles@^4.1.0:
  version "4.3.0"
  resolved "https://registry.yarnpkg.com/ansi-styles/-/ansi-styles-4.3.0.tgz#edd803628ae71c04c85ae7a0906edad34b648937"
  integrity sha512-zbB9rCJAT1rbjiVDb2hqKFHNYLxgtk8NURxZ3IZwD3F6NtxbXZQCnnSi1Lkx+IDohdPlFp222wVALIheZJQSEg==
  dependencies:
    color-convert "^2.0.1"

boolbase@^1.0.0:
  version "1.0.0"
  resolved "https://registry.yarnpkg.com/boolbase/-/boolbase-1.0.0.tgz#68dff5fbe60c51eb37725ea9e3ed310dcc1e776e"
  integrity sha512-JZOSA7Mo9sNGB8+UjSgzdLtokWAky1zbztM3WRLCbZ70/3cTANmQmOdR7y2g+J0e2WXywy1yS468tY+IruqEww==

browserslist@^4.0.0, browserslist@^4.16.6, browserslist@^4.21.4:
  version "4.21.5"
  resolved "https://registry.yarnpkg.com/browserslist/-/browserslist-4.21.5.tgz#75c5dae60063ee641f977e00edd3cfb2fb7af6a7"
  integrity sha512-tUkiguQGW7S3IhB7N+c2MV/HZPSCPAAiYBZXLsBhFB/PCy6ZKKsZrmBayHV9fdGV/ARIfJ14NkxKzRDjvp7L6w==
  dependencies:
    caniuse-lite "^1.0.30001449"
    electron-to-chromium "^1.4.284"
    node-releases "^2.0.8"
    update-browserslist-db "^1.0.10"

caniuse-api@^3.0.0:
  version "3.0.0"
  resolved "https://registry.yarnpkg.com/caniuse-api/-/caniuse-api-3.0.0.tgz#5e4d90e2274961d46291997df599e3ed008ee4c0"
  integrity sha512-bsTwuIg/BZZK/vreVTYYbSWoe2F+71P7K5QGEX+pT250DZbfU1MQ5prOKpPR+LL6uWKK3KMwMCAS74QB3Um1uw==
  dependencies:
    browserslist "^4.0.0"
    caniuse-lite "^1.0.0"
    lodash.memoize "^4.1.2"
    lodash.uniq "^4.5.0"

caniuse-lite@^1.0.0, caniuse-lite@^1.0.30001449:
  version "1.0.30001451"
  resolved "https://registry.yarnpkg.com/caniuse-lite/-/caniuse-lite-1.0.30001451.tgz#2e197c698fc1373d63e1406d6607ea4617c613f1"
  integrity sha512-XY7UbUpGRatZzoRft//5xOa69/1iGJRBlrieH6QYrkKLIFn3m7OVEJ81dSrKoy2BnKsdbX5cLrOispZNYo9v2w==

chalk@^4.0.0:
  version "4.1.2"
  resolved "https://registry.yarnpkg.com/chalk/-/chalk-4.1.2.tgz#aac4e2b7734a740867aeb16bf02aad556a1e7a01"
  integrity sha512-oKnbhFyRIXpUuez8iBMmyEa4nbj4IOQyuhc/wy9kY7/WVPcwIO9VA668Pu8RkO7+0G76SLROeyw9CpQ061i4mA==
  dependencies:
    ansi-styles "^4.1.0"
    supports-color "^7.1.0"

ci-info@^3.2.0:
  version "3.8.0"
  resolved "https://registry.yarnpkg.com/ci-info/-/ci-info-3.8.0.tgz#81408265a5380c929f0bc665d62256628ce9ef91"
  integrity sha512-eXTggHWSooYhq49F2opQhuHWgzucfF2YgODK4e1566GQs5BIfP30B0oenwBJHfWxAs2fyPB1s7Mg949zLf61Yw==

color-convert@^2.0.1:
  version "2.0.1"
  resolved "https://registry.yarnpkg.com/color-convert/-/color-convert-2.0.1.tgz#72d3a68d598c9bdb3af2ad1e84f21d896abd4de3"
  integrity sha512-RRECPsj7iu/xb5oKYcsFHSppFNnsj/52OVTRKb4zP5onXwVF3zVmmToNcOfGC+CRDpfK/U584fMg38ZHCaElKQ==
  dependencies:
    color-name "~1.1.4"

color-name@~1.1.4:
  version "1.1.4"
  resolved "https://registry.yarnpkg.com/color-name/-/color-name-1.1.4.tgz#c2a09a87acbde69543de6f63fa3995c826c536a2"
  integrity sha512-dOy+3AuW3a2wNbZHIuMZpTcgjGuLU/uBL/ubcZF9OXbDo8ff4O8yVp5Bf0efS8uEoYo5q4Fx7dY9OgQGXgAsQA==

colord@^2.9.1:
  version "2.9.3"
  resolved "https://registry.yarnpkg.com/colord/-/colord-2.9.3.tgz#4f8ce919de456f1d5c1c368c307fe20f3e59fb43"
  integrity sha512-jeC1axXpnb0/2nn/Y1LPuLdgXBLH7aDcHu4KEKfqw3CUhX7ZpfBSlPKyqXE6btIgEzfWtrX3/tyBCaCvXvMkOw==

commander@^7.2.0:
  version "7.2.0"
  resolved "https://registry.yarnpkg.com/commander/-/commander-7.2.0.tgz#a36cb57d0b501ce108e4d20559a150a391d97ab7"
  integrity sha512-QrWXB+ZQSVPmIWIhtEO9H+gwHaMGYiF5ChvoJ+K9ZGHG/sVsa6yiesAD1GC/x46sET00Xlwo1u49RVVVzvcSkw==

css-declaration-sorter@^6.3.1:
  version "6.3.1"
  resolved "https://registry.yarnpkg.com/css-declaration-sorter/-/css-declaration-sorter-6.3.1.tgz#be5e1d71b7a992433fb1c542c7a1b835e45682ec"
  integrity sha512-fBffmak0bPAnyqc/HO8C3n2sHrp9wcqQz6ES9koRF2/mLOVAx9zIQ3Y7R29sYCteTPqMCwns4WYQoCX91Xl3+w==

css-loader@^6.7.3:
  version "6.7.3"
  resolved "https://registry.yarnpkg.com/css-loader/-/css-loader-6.7.3.tgz#1e8799f3ccc5874fdd55461af51137fcc5befbcd"
  integrity sha512-qhOH1KlBMnZP8FzRO6YCH9UHXQhVMcEGLyNdb7Hv2cpcmJbW0YrddO+tG1ab5nT41KpHIYGsbeHqxB9xPu1pKQ==
  dependencies:
    icss-utils "^5.1.0"
    postcss "^8.4.19"
    postcss-modules-extract-imports "^3.0.0"
    postcss-modules-local-by-default "^4.0.0"
    postcss-modules-scope "^3.0.0"
    postcss-modules-values "^4.0.0"
    postcss-value-parser "^4.2.0"
    semver "^7.3.8"

css-minimizer-webpack-plugin@^4.2.2:
  version "4.2.2"
  resolved "https://registry.yarnpkg.com/css-minimizer-webpack-plugin/-/css-minimizer-webpack-plugin-4.2.2.tgz#79f6199eb5adf1ff7ba57f105e3752d15211eb35"
  integrity sha512-s3Of/4jKfw1Hj9CxEO1E5oXhQAxlayuHO2y/ML+C6I9sQ7FdzfEV6QgMLN3vI+qFsjJGIAFLKtQK7t8BOXAIyA==
  dependencies:
    cssnano "^5.1.8"
    jest-worker "^29.1.2"
    postcss "^8.4.17"
    schema-utils "^4.0.0"
    serialize-javascript "^6.0.0"
    source-map "^0.6.1"

css-select@^4.1.3:
  version "4.3.0"
  resolved "https://registry.yarnpkg.com/css-select/-/css-select-4.3.0.tgz#db7129b2846662fd8628cfc496abb2b59e41529b"
  integrity sha512-wPpOYtnsVontu2mODhA19JrqWxNsfdatRKd64kmpRbQgh1KtItko5sTnEpPdpSaJszTOhEMlF/RPz28qj4HqhQ==
  dependencies:
    boolbase "^1.0.0"
    css-what "^6.0.1"
    domhandler "^4.3.1"
    domutils "^2.8.0"
    nth-check "^2.0.1"

css-tree@^1.1.2, css-tree@^1.1.3:
  version "1.1.3"
  resolved "https://registry.yarnpkg.com/css-tree/-/css-tree-1.1.3.tgz#eb4870fb6fd7707327ec95c2ff2ab09b5e8db91d"
  integrity sha512-tRpdppF7TRazZrjJ6v3stzv93qxRcSsFmW6cX0Zm2NVKpxE1WV1HblnghVv9TreireHkqI/VDEsfolRF1p6y7Q==
  dependencies:
    mdn-data "2.0.14"
    source-map "^0.6.1"

css-what@^6.0.1:
  version "6.1.0"
  resolved "https://registry.yarnpkg.com/css-what/-/css-what-6.1.0.tgz#fb5effcf76f1ddea2c81bdfaa4de44e79bac70f4"
  integrity sha512-HTUrgRJ7r4dsZKU6GjmpfRK1O76h97Z8MfS1G0FozR+oF2kG6Vfe8JE6zwrkbxigziPHinCJ+gCPjA9EaBDtRw==

cssesc@^3.0.0:
  version "3.0.0"
  resolved "https://registry.yarnpkg.com/cssesc/-/cssesc-3.0.0.tgz#37741919903b868565e1c09ea747445cd18983ee"
  integrity sha512-/Tb/JcjK111nNScGob5MNtsntNM1aCNUDipB/TkwZFhyDrrE47SOx/18wF2bbjgc3ZzCSKW1T5nt5EbFoAz/Vg==

cssnano-preset-default@^5.2.13:
  version "5.2.13"
  resolved "https://registry.yarnpkg.com/cssnano-preset-default/-/cssnano-preset-default-5.2.13.tgz#e7353b0c57975d1bdd97ac96e68e5c1b8c68e990"
  integrity sha512-PX7sQ4Pb+UtOWuz8A1d+Rbi+WimBIxJTRyBdgGp1J75VU0r/HFQeLnMYgHiCAp6AR4rqrc7Y4R+1Rjk3KJz6DQ==
  dependencies:
    css-declaration-sorter "^6.3.1"
    cssnano-utils "^3.1.0"
    postcss-calc "^8.2.3"
    postcss-colormin "^5.3.0"
    postcss-convert-values "^5.1.3"
    postcss-discard-comments "^5.1.2"
    postcss-discard-duplicates "^5.1.0"
    postcss-discard-empty "^5.1.1"
    postcss-discard-overridden "^5.1.0"
    postcss-merge-longhand "^5.1.7"
    postcss-merge-rules "^5.1.3"
    postcss-minify-font-values "^5.1.0"
    postcss-minify-gradients "^5.1.1"
    postcss-minify-params "^5.1.4"
    postcss-minify-selectors "^5.2.1"
    postcss-normalize-charset "^5.1.0"
    postcss-normalize-display-values "^5.1.0"
    postcss-normalize-positions "^5.1.1"
    postcss-normalize-repeat-style "^5.1.1"
    postcss-normalize-string "^5.1.0"
    postcss-normalize-timing-functions "^5.1.0"
    postcss-normalize-unicode "^5.1.1"
    postcss-normalize-url "^5.1.0"
    postcss-normalize-whitespace "^5.1.1"
    postcss-ordered-values "^5.1.3"
    postcss-reduce-initial "^5.1.1"
    postcss-reduce-transforms "^5.1.0"
    postcss-svgo "^5.1.0"
    postcss-unique-selectors "^5.1.1"

cssnano-utils@^3.1.0:
  version "3.1.0"
  resolved "https://registry.yarnpkg.com/cssnano-utils/-/cssnano-utils-3.1.0.tgz#95684d08c91511edfc70d2636338ca37ef3a6861"
  integrity sha512-JQNR19/YZhz4psLX/rQ9M83e3z2Wf/HdJbryzte4a3NSuafyp9w/I4U+hx5C2S9g41qlstH7DEWnZaaj83OuEA==

cssnano@^5.1.8:
  version "5.1.14"
  resolved "https://registry.yarnpkg.com/cssnano/-/cssnano-5.1.14.tgz#07b0af6da73641276fe5a6d45757702ebae2eb05"
  integrity sha512-Oou7ihiTocbKqi0J1bB+TRJIQX5RMR3JghA8hcWSw9mjBLQ5Y3RWqEDoYG3sRNlAbCIXpqMoZGbq5KDR3vdzgw==
  dependencies:
    cssnano-preset-default "^5.2.13"
    lilconfig "^2.0.3"
    yaml "^1.10.2"

csso@^4.2.0:
  version "4.2.0"
  resolved "https://registry.yarnpkg.com/csso/-/csso-4.2.0.tgz#ea3a561346e8dc9f546d6febedd50187cf389529"
  integrity sha512-wvlcdIbf6pwKEk7vHj8/Bkc0B4ylXZruLvOgs9doS5eOsOpuodOV2zJChSpkp+pRpYQLQMeF04nr3Z68Sta9jA==
  dependencies:
    css-tree "^1.1.2"

dom-serializer@^1.0.1:
  version "1.4.1"
  resolved "https://registry.yarnpkg.com/dom-serializer/-/dom-serializer-1.4.1.tgz#de5d41b1aea290215dc45a6dae8adcf1d32e2d30"
  integrity sha512-VHwB3KfrcOOkelEG2ZOfxqLZdfkil8PtJi4P8N2MMXucZq2yLp75ClViUlOVwyoHEDjYU433Aq+5zWP61+RGag==
  dependencies:
    domelementtype "^2.0.1"
    domhandler "^4.2.0"
    entities "^2.0.0"

domelementtype@^2.0.1, domelementtype@^2.2.0:
  version "2.3.0"
  resolved "https://registry.yarnpkg.com/domelementtype/-/domelementtype-2.3.0.tgz#5c45e8e869952626331d7aab326d01daf65d589d"
  integrity sha512-OLETBj6w0OsagBwdXnPdN0cnMfF9opN69co+7ZrbfPGrdpPVNBUj02spi6B1N7wChLQiPn4CSH/zJvXw56gmHw==

domhandler@^4.2.0, domhandler@^4.3.1:
  version "4.3.1"
  resolved "https://registry.yarnpkg.com/domhandler/-/domhandler-4.3.1.tgz#8d792033416f59d68bc03a5aa7b018c1ca89279c"
  integrity sha512-GrwoxYN+uWlzO8uhUXRl0P+kHE4GtVPfYzVLcUxPL7KNdHKj66vvlhiweIHqYYXWlw+T8iLMp42Lm67ghw4WMQ==
  dependencies:
    domelementtype "^2.2.0"

domutils@^2.8.0:
  version "2.8.0"
  resolved "https://registry.yarnpkg.com/domutils/-/domutils-2.8.0.tgz#4437def5db6e2d1f5d6ee859bd95ca7d02048135"
  integrity sha512-w96Cjofp72M5IIhpjgobBimYEfoPjx1Vx0BSX9P30WBdZW2WIKU0T1Bd0kz2eNZ9ikjKgHbEyKx8BB6H1L3h3A==
  dependencies:
    dom-serializer "^1.0.1"
    domelementtype "^2.2.0"
    domhandler "^4.2.0"

electron-to-chromium@^1.4.284:
  version "1.4.295"
  resolved "https://registry.yarnpkg.com/electron-to-chromium/-/electron-to-chromium-1.4.295.tgz#911d5df67542bf7554336142eb302c5ec90bba66"
  integrity sha512-lEO94zqf1bDA3aepxwnWoHUjA8sZ+2owgcSZjYQy0+uOSEclJX0VieZC+r+wLpSxUHRd6gG32znTWmr+5iGzFw==

entities@^2.0.0:
  version "2.2.0"
  resolved "https://registry.yarnpkg.com/entities/-/entities-2.2.0.tgz#098dc90ebb83d8dffa089d55256b351d34c4da55"
  integrity sha512-p92if5Nz619I0w+akJrLZH0MX0Pb5DX39XOwQTtXSdQQOaYH03S1uIQp4mhOZtAXrxq4ViO67YTiLBo2638o9A==

escalade@^3.1.1:
  version "3.1.1"
  resolved "https://registry.yarnpkg.com/escalade/-/escalade-3.1.1.tgz#d8cfdc7000965c5a0174b4a82eaa5c0552742e40"
  integrity sha512-k0er2gUkLf8O0zKJiAhmkTnJlTvINGv7ygDNPbeIsX/TJjGJZHuh9B2UxbsaEkmlEo9MfhrSzmhIlhRlI2GXnw==

fast-deep-equal@^3.1.1, fast-deep-equal@^3.1.3:
  version "3.1.3"
  resolved "https://registry.yarnpkg.com/fast-deep-equal/-/fast-deep-equal-3.1.3.tgz#3a7d56b559d6cbc3eb512325244e619a65c6c525"
  integrity sha512-f3qQ9oQy9j2AhBe/H9VC91wLmKBCCU/gDOnKNAYG5hswO7BLKj09Hc5HYNz9cGI++xlpDCIgDaitVs03ATR84Q==

graceful-fs@^4.2.9:
  version "4.2.10"
  resolved "https://registry.yarnpkg.com/graceful-fs/-/graceful-fs-4.2.10.tgz#147d3a006da4ca3ce14728c7aefc287c367d7a6c"
  integrity sha512-9ByhssR2fPVsNZj478qUUbKfmL0+t5BDVyjShtyZZLiK7ZDAArFFfopyOTj0M05wE2tJPisA4iTnnXl2YoPvOA==

has-flag@^4.0.0:
  version "4.0.0"
  resolved "https://registry.yarnpkg.com/has-flag/-/has-flag-4.0.0.tgz#944771fd9c81c81265c4d6941860da06bb59479b"
  integrity sha512-EykJT/Q1KjTWctppgIAgfSO0tKVuZUjhgMr17kqTumMl6Afv3EISleU7qZUzoXDFTAHTDC4NOoG/ZxU3EvlMPQ==

icss-utils@^5.0.0, icss-utils@^5.1.0:
  version "5.1.0"
  resolved "https://registry.yarnpkg.com/icss-utils/-/icss-utils-5.1.0.tgz#c6be6858abd013d768e98366ae47e25d5887b1ae"
  integrity sha512-soFhflCVWLfRNOPU3iv5Z9VUdT44xFRbzjLsEzSr5AQmgqPMTHdU3PMT1Cf1ssx8fLNJDA1juftYl+PUcv3MqA==

jest-util@^29.4.2:
  version "29.4.2"
  resolved "https://registry.yarnpkg.com/jest-util/-/jest-util-29.4.2.tgz#3db8580b295df453a97de4a1b42dd2578dabd2c2"
  integrity sha512-wKnm6XpJgzMUSRFB7YF48CuwdzuDIHenVuoIb1PLuJ6F+uErZsuDkU+EiExkChf6473XcawBrSfDSnXl+/YG4g==
  dependencies:
    "@jest/types" "^29.4.2"
    "@types/node" "*"
    chalk "^4.0.0"
    ci-info "^3.2.0"
    graceful-fs "^4.2.9"
    picomatch "^2.2.3"

jest-worker@^29.1.2:
  version "29.4.2"
  resolved "https://registry.yarnpkg.com/jest-worker/-/jest-worker-29.4.2.tgz#d9b2c3bafc69311d84d94e7fb45677fc8976296f"
  integrity sha512-VIuZA2hZmFyRbchsUCHEehoSf2HEl0YVF8SDJqtPnKorAaBuh42V8QsLnde0XP5F6TyCynGPEGgBOn3Fc+wZGw==
  dependencies:
    "@types/node" "*"
    jest-util "^29.4.2"
    merge-stream "^2.0.0"
    supports-color "^8.0.0"

"js-tokens@^3.0.0 || ^4.0.0":
  version "4.0.0"
  resolved "https://registry.yarnpkg.com/js-tokens/-/js-tokens-4.0.0.tgz#19203fb59991df98e3a287050d4647cdeaf32499"
  integrity sha512-RdJUflcE3cUzKiMqQgsCu06FPu9UdIJO0beYbPhHN4k6apgJtifcoCtT9bcxOpYBtpD2kCM6Sbzg4CausW/PKQ==

json-schema-traverse@^1.0.0:
  version "1.0.0"
  resolved "https://registry.yarnpkg.com/json-schema-traverse/-/json-schema-traverse-1.0.0.tgz#ae7bcb3656ab77a73ba5c49bf654f38e6b6860e2"
  integrity sha512-NM8/P9n3XjXhIZn1lLhkFaACTOURQXjWhV4BA/RnOv8xvgqtqpAX9IO4mRQxSx1Rlo4tqzeqb0sOlruaOy3dug==

lilconfig@^2.0.3:
  version "2.0.6"
  resolved "https://registry.yarnpkg.com/lilconfig/-/lilconfig-2.0.6.tgz#32a384558bd58af3d4c6e077dd1ad1d397bc69d4"
  integrity sha512-9JROoBW7pobfsx+Sq2JsASvCo6Pfo6WWoUW79HuB1BCoBXD4PLWJPqDF6fNj67pqBYTbAHkE57M1kS/+L1neOg==

lodash.memoize@^4.1.2:
  version "4.1.2"
  resolved "https://registry.yarnpkg.com/lodash.memoize/-/lodash.memoize-4.1.2.tgz#bcc6c49a42a2840ed997f323eada5ecd182e0bfe"
  integrity sha512-t7j+NzmgnQzTAYXcsHYLgimltOV1MXHtlOWf6GjL9Kj8GK5FInw5JotxvbOs+IvV1/Dzo04/fCGfLVs7aXb4Ag==

lodash.uniq@^4.5.0:
  version "4.5.0"
  resolved "https://registry.yarnpkg.com/lodash.uniq/-/lodash.uniq-4.5.0.tgz#d0225373aeb652adc1bc82e4945339a842754773"
  integrity sha512-xfBaXQd9ryd9dlSDvnvI0lvxfLJlYAZzXomUYzLKtUeOQvOP5piqAWuGtrhWeqaXK9hhoM/iyJc5AV+XfsX3HQ==

loose-envify@^1.1.0, loose-envify@^1.4.0:
  version "1.4.0"
  resolved "https://registry.yarnpkg.com/loose-envify/-/loose-envify-1.4.0.tgz#71ee51fa7be4caec1a63839f7e682d8132d30caf"
  integrity sha512-lyuxPGr/Wfhrlem2CL/UcnUc1zcqKAImBDzukY7Y5F/yQiNdko6+fRLevlw1HgMySw7f611UIY408EtxRSoK3Q==
  dependencies:
    js-tokens "^3.0.0 || ^4.0.0"

lru-cache@^6.0.0:
  version "6.0.0"
  resolved "https://registry.yarnpkg.com/lru-cache/-/lru-cache-6.0.0.tgz#6d6fe6570ebd96aaf90fcad1dafa3b2566db3a94"
  integrity sha512-Jo6dJ04CmSjuznwJSS3pUeWmd/H0ffTlkXXgwZi+eq1UCmqQwCh+eLsYOYCwY991i2Fah4h1BEMCx4qThGbsiA==
  dependencies:
    yallist "^4.0.0"

mdn-data@2.0.14:
  version "2.0.14"
  resolved "https://registry.yarnpkg.com/mdn-data/-/mdn-data-2.0.14.tgz#7113fc4281917d63ce29b43446f701e68c25ba50"
  integrity sha512-dn6wd0uw5GsdswPFfsgMp5NSB0/aDe6fK94YJV/AJDYXL6HVLWBsxeq7js7Ad+mU2K9LAlwpk6kN2D5mwCPVow==

merge-stream@^2.0.0:
  version "2.0.0"
  resolved "https://registry.yarnpkg.com/merge-stream/-/merge-stream-2.0.0.tgz#52823629a14dd00c9770fb6ad47dc6310f2c1f60"
  integrity sha512-abv/qOcuPfk3URPfDzmZU1LKmuw8kT+0nIHvKrKgFrwifol/doWcdA4ZqsWQ8ENrFKkd67Mfpo/LovbIUsbt3w==

mini-css-extract-plugin@^2.7.2:
  version "2.7.2"
  resolved "https://registry.yarnpkg.com/mini-css-extract-plugin/-/mini-css-extract-plugin-2.7.2.tgz#e049d3ea7d3e4e773aad585c6cb329ce0c7b72d7"
  integrity sha512-EdlUizq13o0Pd+uCp+WO/JpkLvHRVGt97RqfeGhXqAcorYo1ypJSpkV+WDT0vY/kmh/p7wRdJNJtuyK540PXDw==
  dependencies:
    schema-utils "^4.0.0"

nanoid@^3.3.4:
  version "3.3.4"
  resolved "https://registry.yarnpkg.com/nanoid/-/nanoid-3.3.4.tgz#730b67e3cd09e2deacf03c027c81c9d9dbc5e8ab"
  integrity sha512-MqBkQh/OHTS2egovRtLk45wEyNXwF+cokD+1YPf9u5VfJiRdAiRwB2froX5Co9Rh20xs4siNPm8naNotSD6RBw==

node-releases@^2.0.8:
  version "2.0.10"
  resolved "https://registry.yarnpkg.com/node-releases/-/node-releases-2.0.10.tgz#c311ebae3b6a148c89b1813fd7c4d3c024ef537f"
  integrity sha512-5GFldHPXVG/YZmFzJvKK2zDSzPKhEp0+ZR5SVaoSag9fsL5YgHbUHDfnG5494ISANDcK4KwPXAx2xqVEydmd7w==

normalize-url@^6.0.1:
  version "6.1.0"
  resolved "https://registry.yarnpkg.com/normalize-url/-/normalize-url-6.1.0.tgz#40d0885b535deffe3f3147bec877d05fe4c5668a"
  integrity sha512-DlL+XwOy3NxAQ8xuC0okPgK46iuVNAK01YN7RueYBqqFeGsBjV9XmCAzAdgt+667bCl5kPh9EqKKDwnaPG1I7A==

nth-check@^2.0.1:
  version "2.1.1"
  resolved "https://registry.yarnpkg.com/nth-check/-/nth-check-2.1.1.tgz#c9eab428effce36cd6b92c924bdb000ef1f1ed1d"
  integrity sha512-lqjrjmaOoAnWfMmBPL+XNnynZh2+swxiX3WUE0s4yEHI6m+AwrK2UZOimIRl3X/4QctVqS8AiZjFqyOGrMXb/w==
  dependencies:
    boolbase "^1.0.0"

object-assign@^4.1.1:
  version "4.1.1"
  resolved "https://registry.yarnpkg.com/object-assign/-/object-assign-4.1.1.tgz#2109adc7965887cfc05cbbd442cac8bfbb360863"
  integrity sha512-rJgTQnkUnH1sFw8yT6VSU3zD3sWmu6sZhIseY8VX+GRu3P6F7Fu+JNDoXfklElbLJSnc3FUQHVe4cU5hj+BcUg==

picocolors@^1.0.0:
  version "1.0.0"
  resolved "https://registry.yarnpkg.com/picocolors/-/picocolors-1.0.0.tgz#cb5bdc74ff3f51892236eaf79d68bc44564ab81c"
  integrity sha512-1fygroTLlHu66zi26VoTDv8yRgm0Fccecssto+MhsZ0D/DGW2sm8E8AjW7NU5VVTRt5GxbeZ5qBuJr+HyLYkjQ==

picomatch@^2.2.3:
  version "2.3.1"
  resolved "https://registry.yarnpkg.com/picomatch/-/picomatch-2.3.1.tgz#3ba3833733646d9d3e4995946c1365a67fb07a42"
  integrity sha512-JU3teHTNjmE2VCGFzuY8EXzCDVwEqB2a8fsIvwaStHhAWJEeVd1o1QD80CU6+ZdEXXSLbSsuLwJjkCBWqRQUVA==

postcss-calc@^8.2.3:
  version "8.2.4"
  resolved "https://registry.yarnpkg.com/postcss-calc/-/postcss-calc-8.2.4.tgz#77b9c29bfcbe8a07ff6693dc87050828889739a5"
  integrity sha512-SmWMSJmB8MRnnULldx0lQIyhSNvuDl9HfrZkaqqE/WHAhToYsAvDq+yAsA/kIyINDszOp3Rh0GFoNuH5Ypsm3Q==
  dependencies:
    postcss-selector-parser "^6.0.9"
    postcss-value-parser "^4.2.0"

postcss-colormin@^5.3.0:
  version "5.3.0"
  resolved "https://registry.yarnpkg.com/postcss-colormin/-/postcss-colormin-5.3.0.tgz#3cee9e5ca62b2c27e84fce63affc0cfb5901956a"
  integrity sha512-WdDO4gOFG2Z8n4P8TWBpshnL3JpmNmJwdnfP2gbk2qBA8PWwOYcmjmI/t3CmMeL72a7Hkd+x/Mg9O2/0rD54Pg==
  dependencies:
    browserslist "^4.16.6"
    caniuse-api "^3.0.0"
    colord "^2.9.1"
    postcss-value-parser "^4.2.0"

postcss-convert-values@^5.1.3:
  version "5.1.3"
  resolved "https://registry.yarnpkg.com/postcss-convert-values/-/postcss-convert-values-5.1.3.tgz#04998bb9ba6b65aa31035d669a6af342c5f9d393"
  integrity sha512-82pC1xkJZtcJEfiLw6UXnXVXScgtBrjlO5CBmuDQc+dlb88ZYheFsjTn40+zBVi3DkfF7iezO0nJUPLcJK3pvA==
  dependencies:
    browserslist "^4.21.4"
    postcss-value-parser "^4.2.0"

postcss-discard-comments@^5.1.2:
  version "5.1.2"
  resolved "https://registry.yarnpkg.com/postcss-discard-comments/-/postcss-discard-comments-5.1.2.tgz#8df5e81d2925af2780075840c1526f0660e53696"
  integrity sha512-+L8208OVbHVF2UQf1iDmRcbdjJkuBF6IS29yBDSiWUIzpYaAhtNl6JYnYm12FnkeCwQqF5LeklOu6rAqgfBZqQ==

postcss-discard-duplicates@^5.1.0:
  version "5.1.0"
  resolved "https://registry.yarnpkg.com/postcss-discard-duplicates/-/postcss-discard-duplicates-5.1.0.tgz#9eb4fe8456706a4eebd6d3b7b777d07bad03e848"
  integrity sha512-zmX3IoSI2aoenxHV6C7plngHWWhUOV3sP1T8y2ifzxzbtnuhk1EdPwm0S1bIUNaJ2eNbWeGLEwzw8huPD67aQw==

postcss-discard-empty@^5.1.1:
  version "5.1.1"
  resolved "https://registry.yarnpkg.com/postcss-discard-empty/-/postcss-discard-empty-5.1.1.tgz#e57762343ff7f503fe53fca553d18d7f0c369c6c"
  integrity sha512-zPz4WljiSuLWsI0ir4Mcnr4qQQ5e1Ukc3i7UfE2XcrwKK2LIPIqE5jxMRxO6GbI3cv//ztXDsXwEWT3BHOGh3A==

postcss-discard-overridden@^5.1.0:
  version "5.1.0"
  resolved "https://registry.yarnpkg.com/postcss-discard-overridden/-/postcss-discard-overridden-5.1.0.tgz#7e8c5b53325747e9d90131bb88635282fb4a276e"
  integrity sha512-21nOL7RqWR1kasIVdKs8HNqQJhFxLsyRfAnUDm4Fe4t4mCWL9OJiHvlHPjcd8zc5Myu89b/7wZDnOSjFgeWRtw==

postcss-merge-longhand@^5.1.7:
  version "5.1.7"
  resolved "https://registry.yarnpkg.com/postcss-merge-longhand/-/postcss-merge-longhand-5.1.7.tgz#24a1bdf402d9ef0e70f568f39bdc0344d568fb16"
  integrity sha512-YCI9gZB+PLNskrK0BB3/2OzPnGhPkBEwmwhfYk1ilBHYVAZB7/tkTHFBAnCrvBBOmeYyMYw3DMjT55SyxMBzjQ==
  dependencies:
    postcss-value-parser "^4.2.0"
    stylehacks "^5.1.1"

postcss-merge-rules@^5.1.3:
  version "5.1.3"
  resolved "https://registry.yarnpkg.com/postcss-merge-rules/-/postcss-merge-rules-5.1.3.tgz#8f97679e67cc8d08677a6519afca41edf2220894"
  integrity sha512-LbLd7uFC00vpOuMvyZop8+vvhnfRGpp2S+IMQKeuOZZapPRY4SMq5ErjQeHbHsjCUgJkRNrlU+LmxsKIqPKQlA==
  dependencies:
    browserslist "^4.21.4"
    caniuse-api "^3.0.0"
    cssnano-utils "^3.1.0"
    postcss-selector-parser "^6.0.5"

postcss-minify-font-values@^5.1.0:
  version "5.1.0"
  resolved "https://registry.yarnpkg.com/postcss-minify-font-values/-/postcss-minify-font-values-5.1.0.tgz#f1df0014a726083d260d3bd85d7385fb89d1f01b"
  integrity sha512-el3mYTgx13ZAPPirSVsHqFzl+BBBDrXvbySvPGFnQcTI4iNslrPaFq4muTkLZmKlGk4gyFAYUBMH30+HurREyA==
  dependencies:
    postcss-value-parser "^4.2.0"

postcss-minify-gradients@^5.1.1:
  version "5.1.1"
  resolved "https://registry.yarnpkg.com/postcss-minify-gradients/-/postcss-minify-gradients-5.1.1.tgz#f1fe1b4f498134a5068240c2f25d46fcd236ba2c"
  integrity sha512-VGvXMTpCEo4qHTNSa9A0a3D+dxGFZCYwR6Jokk+/3oB6flu2/PnPXAh2x7x52EkY5xlIHLm+Le8tJxe/7TNhzw==
  dependencies:
    colord "^2.9.1"
    cssnano-utils "^3.1.0"
    postcss-value-parser "^4.2.0"

postcss-minify-params@^5.1.4:
  version "5.1.4"
  resolved "https://registry.yarnpkg.com/postcss-minify-params/-/postcss-minify-params-5.1.4.tgz#c06a6c787128b3208b38c9364cfc40c8aa5d7352"
  integrity sha512-+mePA3MgdmVmv6g+30rn57USjOGSAyuxUmkfiWpzalZ8aiBkdPYjXWtHuwJGm1v5Ojy0Z0LaSYhHaLJQB0P8Jw==
  dependencies:
    browserslist "^4.21.4"
    cssnano-utils "^3.1.0"
    postcss-value-parser "^4.2.0"

postcss-minify-selectors@^5.2.1:
  version "5.2.1"
  resolved "https://registry.yarnpkg.com/postcss-minify-selectors/-/postcss-minify-selectors-5.2.1.tgz#d4e7e6b46147b8117ea9325a915a801d5fe656c6"
  integrity sha512-nPJu7OjZJTsVUmPdm2TcaiohIwxP+v8ha9NehQ2ye9szv4orirRU3SDdtUmKH+10nzn0bAyOXZ0UEr7OpvLehg==
  dependencies:
    postcss-selector-parser "^6.0.5"

postcss-modules-extract-imports@^3.0.0:
  version "3.0.0"
  resolved "https://registry.yarnpkg.com/postcss-modules-extract-imports/-/postcss-modules-extract-imports-3.0.0.tgz#cda1f047c0ae80c97dbe28c3e76a43b88025741d"
  integrity sha512-bdHleFnP3kZ4NYDhuGlVK+CMrQ/pqUm8bx/oGL93K6gVwiclvX5x0n76fYMKuIGKzlABOy13zsvqjb0f92TEXw==

postcss-modules-local-by-default@^4.0.0:
  version "4.0.0"
  resolved "https://registry.yarnpkg.com/postcss-modules-local-by-default/-/postcss-modules-local-by-default-4.0.0.tgz#ebbb54fae1598eecfdf691a02b3ff3b390a5a51c"
  integrity sha512-sT7ihtmGSF9yhm6ggikHdV0hlziDTX7oFoXtuVWeDd3hHObNkcHRo9V3yg7vCAY7cONyxJC/XXCmmiHHcvX7bQ==
  dependencies:
    icss-utils "^5.0.0"
    postcss-selector-parser "^6.0.2"
    postcss-value-parser "^4.1.0"

postcss-modules-scope@^3.0.0:
  version "3.0.0"
  resolved "https://registry.yarnpkg.com/postcss-modules-scope/-/postcss-modules-scope-3.0.0.tgz#9ef3151456d3bbfa120ca44898dfca6f2fa01f06"
  integrity sha512-hncihwFA2yPath8oZ15PZqvWGkWf+XUfQgUGamS4LqoP1anQLOsOJw0vr7J7IwLpoY9fatA2qiGUGmuZL0Iqlg==
  dependencies:
    postcss-selector-parser "^6.0.4"

postcss-modules-values@^4.0.0:
  version "4.0.0"
  resolved "https://registry.yarnpkg.com/postcss-modules-values/-/postcss-modules-values-4.0.0.tgz#d7c5e7e68c3bb3c9b27cbf48ca0bb3ffb4602c9c"
  integrity sha512-RDxHkAiEGI78gS2ofyvCsu7iycRv7oqw5xMWn9iMoR0N/7mf9D50ecQqUo5BZ9Zh2vH4bCUR/ktCqbB9m8vJjQ==
  dependencies:
    icss-utils "^5.0.0"

postcss-normalize-charset@^5.1.0:
  version "5.1.0"
  resolved "https://registry.yarnpkg.com/postcss-normalize-charset/-/postcss-normalize-charset-5.1.0.tgz#9302de0b29094b52c259e9b2cf8dc0879879f0ed"
  integrity sha512-mSgUJ+pd/ldRGVx26p2wz9dNZ7ji6Pn8VWBajMXFf8jk7vUoSrZ2lt/wZR7DtlZYKesmZI680qjr2CeFF2fbUg==

postcss-normalize-display-values@^5.1.0:
  version "5.1.0"
  resolved "https://registry.yarnpkg.com/postcss-normalize-display-values/-/postcss-normalize-display-values-5.1.0.tgz#72abbae58081960e9edd7200fcf21ab8325c3da8"
  integrity sha512-WP4KIM4o2dazQXWmFaqMmcvsKmhdINFblgSeRgn8BJ6vxaMyaJkwAzpPpuvSIoG/rmX3M+IrRZEz2H0glrQNEA==
  dependencies:
    postcss-value-parser "^4.2.0"

postcss-normalize-positions@^5.1.1:
  version "5.1.1"
  resolved "https://registry.yarnpkg.com/postcss-normalize-positions/-/postcss-normalize-positions-5.1.1.tgz#ef97279d894087b59325b45c47f1e863daefbb92"
  integrity sha512-6UpCb0G4eofTCQLFVuI3EVNZzBNPiIKcA1AKVka+31fTVySphr3VUgAIULBhxZkKgwLImhzMR2Bw1ORK+37INg==
  dependencies:
    postcss-value-parser "^4.2.0"

postcss-normalize-repeat-style@^5.1.1:
  version "5.1.1"
  resolved "https://registry.yarnpkg.com/postcss-normalize-repeat-style/-/postcss-normalize-repeat-style-5.1.1.tgz#e9eb96805204f4766df66fd09ed2e13545420fb2"
  integrity sha512-mFpLspGWkQtBcWIRFLmewo8aC3ImN2i/J3v8YCFUwDnPu3Xz4rLohDO26lGjwNsQxB3YF0KKRwspGzE2JEuS0g==
  dependencies:
    postcss-value-parser "^4.2.0"

postcss-normalize-string@^5.1.0:
  version "5.1.0"
  resolved "https://registry.yarnpkg.com/postcss-normalize-string/-/postcss-normalize-string-5.1.0.tgz#411961169e07308c82c1f8c55f3e8a337757e228"
  integrity sha512-oYiIJOf4T9T1N4i+abeIc7Vgm/xPCGih4bZz5Nm0/ARVJ7K6xrDlLwvwqOydvyL3RHNf8qZk6vo3aatiw/go3w==
  dependencies:
    postcss-value-parser "^4.2.0"

postcss-normalize-timing-functions@^5.1.0:
  version "5.1.0"
  resolved "https://registry.yarnpkg.com/postcss-normalize-timing-functions/-/postcss-normalize-timing-functions-5.1.0.tgz#d5614410f8f0b2388e9f240aa6011ba6f52dafbb"
  integrity sha512-DOEkzJ4SAXv5xkHl0Wa9cZLF3WCBhF3o1SKVxKQAa+0pYKlueTpCgvkFAHfk+Y64ezX9+nITGrDZeVGgITJXjg==
  dependencies:
    postcss-value-parser "^4.2.0"

postcss-normalize-unicode@^5.1.1:
  version "5.1.1"
  resolved "https://registry.yarnpkg.com/postcss-normalize-unicode/-/postcss-normalize-unicode-5.1.1.tgz#f67297fca3fea7f17e0d2caa40769afc487aa030"
  integrity sha512-qnCL5jzkNUmKVhZoENp1mJiGNPcsJCs1aaRmURmeJGES23Z/ajaln+EPTD+rBeNkSryI+2WTdW+lwcVdOikrpA==
  dependencies:
    browserslist "^4.21.4"
    postcss-value-parser "^4.2.0"

postcss-normalize-url@^5.1.0:
  version "5.1.0"
  resolved "https://registry.yarnpkg.com/postcss-normalize-url/-/postcss-normalize-url-5.1.0.tgz#ed9d88ca82e21abef99f743457d3729a042adcdc"
  integrity sha512-5upGeDO+PVthOxSmds43ZeMeZfKH+/DKgGRD7TElkkyS46JXAUhMzIKiCa7BabPeIy3AQcTkXwVVN7DbqsiCew==
  dependencies:
    normalize-url "^6.0.1"
    postcss-value-parser "^4.2.0"

postcss-normalize-whitespace@^5.1.1:
  version "5.1.1"
  resolved "https://registry.yarnpkg.com/postcss-normalize-whitespace/-/postcss-normalize-whitespace-5.1.1.tgz#08a1a0d1ffa17a7cc6efe1e6c9da969cc4493cfa"
  integrity sha512-83ZJ4t3NUDETIHTa3uEg6asWjSBYL5EdkVB0sDncx9ERzOKBVJIUeDO9RyA9Zwtig8El1d79HBp0JEi8wvGQnA==
  dependencies:
    postcss-value-parser "^4.2.0"

postcss-ordered-values@^5.1.3:
  version "5.1.3"
  resolved "https://registry.yarnpkg.com/postcss-ordered-values/-/postcss-ordered-values-5.1.3.tgz#b6fd2bd10f937b23d86bc829c69e7732ce76ea38"
  integrity sha512-9UO79VUhPwEkzbb3RNpqqghc6lcYej1aveQteWY+4POIwlqkYE21HKWaLDF6lWNuqCobEAyTovVhtI32Rbv2RQ==
  dependencies:
    cssnano-utils "^3.1.0"
    postcss-value-parser "^4.2.0"

postcss-reduce-initial@^5.1.1:
  version "5.1.1"
  resolved "https://registry.yarnpkg.com/postcss-reduce-initial/-/postcss-reduce-initial-5.1.1.tgz#c18b7dfb88aee24b1f8e4936541c29adbd35224e"
  integrity sha512-//jeDqWcHPuXGZLoolFrUXBDyuEGbr9S2rMo19bkTIjBQ4PqkaO+oI8wua5BOUxpfi97i3PCoInsiFIEBfkm9w==
  dependencies:
    browserslist "^4.21.4"
    caniuse-api "^3.0.0"

postcss-reduce-transforms@^5.1.0:
  version "5.1.0"
  resolved "https://registry.yarnpkg.com/postcss-reduce-transforms/-/postcss-reduce-transforms-5.1.0.tgz#333b70e7758b802f3dd0ddfe98bb1ccfef96b6e9"
  integrity sha512-2fbdbmgir5AvpW9RLtdONx1QoYG2/EtqpNQbFASDlixBbAYuTcJ0dECwlqNqH7VbaUnEnh8SrxOe2sRIn24XyQ==
  dependencies:
    postcss-value-parser "^4.2.0"

postcss-selector-parser@^6.0.2, postcss-selector-parser@^6.0.4, postcss-selector-parser@^6.0.5, postcss-selector-parser@^6.0.9:
  version "6.0.11"
  resolved "https://registry.yarnpkg.com/postcss-selector-parser/-/postcss-selector-parser-6.0.11.tgz#2e41dc39b7ad74046e1615185185cd0b17d0c8dc"
  integrity sha512-zbARubNdogI9j7WY4nQJBiNqQf3sLS3wCP4WfOidu+p28LofJqDH1tcXypGrcmMHhDk2t9wGhCsYe/+szLTy1g==
  dependencies:
    cssesc "^3.0.0"
    util-deprecate "^1.0.2"

postcss-svgo@^5.1.0:
  version "5.1.0"
  resolved "https://registry.yarnpkg.com/postcss-svgo/-/postcss-svgo-5.1.0.tgz#0a317400ced789f233a28826e77523f15857d80d"
  integrity sha512-D75KsH1zm5ZrHyxPakAxJWtkyXew5qwS70v56exwvw542d9CRtTo78K0WeFxZB4G7JXKKMbEZtZayTGdIky/eA==
  dependencies:
    postcss-value-parser "^4.2.0"
    svgo "^2.7.0"

postcss-unique-selectors@^5.1.1:
  version "5.1.1"
  resolved "https://registry.yarnpkg.com/postcss-unique-selectors/-/postcss-unique-selectors-5.1.1.tgz#a9f273d1eacd09e9aa6088f4b0507b18b1b541b6"
  integrity sha512-5JiODlELrz8L2HwxfPnhOWZYWDxVHWL83ufOv84NrcgipI7TaeRsatAhK4Tr2/ZiYldpK/wBvw5BD3qfaK96GA==
  dependencies:
    postcss-selector-parser "^6.0.5"

postcss-value-parser@^4.1.0, postcss-value-parser@^4.2.0:
  version "4.2.0"
  resolved "https://registry.yarnpkg.com/postcss-value-parser/-/postcss-value-parser-4.2.0.tgz#723c09920836ba6d3e5af019f92bc0971c02e514"
  integrity sha512-1NNCs6uurfkVbeXG4S8JFT9t19m45ICnif8zWLd5oPSZ50QnwMfK+H3jv408d4jw/7Bttv5axS5IiHoLaVNHeQ==

postcss@^8.4.17, postcss@^8.4.19:
  version "8.4.21"
  resolved "https://registry.yarnpkg.com/postcss/-/postcss-8.4.21.tgz#c639b719a57efc3187b13a1d765675485f4134f4"
  integrity sha512-tP7u/Sn/dVxK2NnruI4H9BG+x+Wxz6oeZ1cJ8P6G/PZY0IKk4k/63TDsQf2kQq3+qoJeLm2kIBUNlZe3zgb4Zg==
  dependencies:
    nanoid "^3.3.4"
    picocolors "^1.0.0"
    source-map-js "^1.0.2"

prop-types@^15.8.1:
  version "15.8.1"
  resolved "https://registry.yarnpkg.com/prop-types/-/prop-types-15.8.1.tgz#67d87bf1a694f48435cf332c24af10214a3140b5"
  integrity sha512-oj87CgZICdulUohogVAR7AjlC0327U4el4L6eAvOqCeudMDVU0NThNaV+b9Df4dXgSP1gXMTnPdhfe/2qDH5cg==
  dependencies:
    loose-envify "^1.4.0"
    object-assign "^4.1.1"
    react-is "^16.13.1"

punycode@^2.1.0:
  version "2.3.0"
  resolved "https://registry.yarnpkg.com/punycode/-/punycode-2.3.0.tgz#f67fa67c94da8f4d0cfff981aee4118064199b8f"
  integrity sha512-rRV+zQD8tVFys26lAGR9WUuS4iUAngJScM+ZRSKtvl5tKeZ2t5bvdNFdNHBW9FWR4guGHlgmsZ1G7BSm2wTbuA==

randombytes@^2.1.0:
  version "2.1.0"
  resolved "https://registry.yarnpkg.com/randombytes/-/randombytes-2.1.0.tgz#df6f84372f0270dc65cdf6291349ab7a473d4f2a"
  integrity sha512-vYl3iOX+4CKUWuxGi9Ukhie6fsqXqS9FE2Zaic4tNFD2N2QQaXOMFbuKK4QmDHC0JO6B1Zp41J0LpT0oR68amQ==
  dependencies:
    safe-buffer "^5.1.0"

react-dom@^18.2.0:
  version "18.2.0"
  resolved "https://registry.yarnpkg.com/react-dom/-/react-dom-18.2.0.tgz#22aaf38708db2674ed9ada224ca4aa708d821e3d"
  integrity sha512-6IMTriUmvsjHUjNtEDudZfuDQUoWXVxKHhlEGSk81n4YFS+r/Kl99wXiwlVXtPBtJenozv2P+hxDsw9eA7Xo6g==
  dependencies:
    loose-envify "^1.1.0"
    scheduler "^0.23.0"

react-is@^16.13.1:
  version "16.13.1"
  resolved "https://registry.yarnpkg.com/react-is/-/react-is-16.13.1.tgz#789729a4dc36de2999dc156dd6c1d9c18cea56a4"
  integrity sha512-24e6ynE2H+OKt4kqsOvNd8kBpV65zoxbA4BVsEOB3ARVWQki/DHzaUoC5KuON/BiccDaCCTZBuOcfZs70kR8bQ==

react@^18.2.0:
  version "18.2.0"
  resolved "https://registry.yarnpkg.com/react/-/react-18.2.0.tgz#555bd98592883255fa00de14f1151a917b5d77d5"
  integrity sha512-/3IjMdb2L9QbBdWiW5e3P2/npwMBaU9mHCSCUzNln0ZCYbcfTsGbTJrU/kGemdH2IWmB2ioZ+zkxtmq6g09fGQ==
  dependencies:
    loose-envify "^1.1.0"

require-from-string@^2.0.2:
  version "2.0.2"
  resolved "https://registry.yarnpkg.com/require-from-string/-/require-from-string-2.0.2.tgz#89a7fdd938261267318eafe14f9c32e598c36909"
  integrity sha512-Xf0nWe6RseziFMu+Ap9biiUbmplq6S9/p+7w7YXP/JBHhrUDDUhwa+vANyubuqfZWTveU//DYVGsDG7RKL/vEw==

safe-buffer@^5.1.0:
  version "5.2.1"
  resolved "https://registry.yarnpkg.com/safe-buffer/-/safe-buffer-5.2.1.tgz#1eaf9fa9bdb1fdd4ec75f58f9cdb4e6b7827eec6"
  integrity sha512-rp3So07KcdmmKbGvgaNxQSJr7bGVSVk5S9Eq1F+ppbRo70+YeaDxkw5Dd8NPN+GD6bjnYm2VuPuCXmpuYvmCXQ==

scheduler@^0.23.0:
  version "0.23.0"
  resolved "https://registry.yarnpkg.com/scheduler/-/scheduler-0.23.0.tgz#ba8041afc3d30eb206a487b6b384002e4e61fdfe"
  integrity sha512-CtuThmgHNg7zIZWAXi3AsyIzA3n4xx7aNyjwC2VJldO2LMVDhFK+63xGqq6CsJH4rTAt6/M+N4GhZiDYPx9eUw==
  dependencies:
    loose-envify "^1.1.0"

schema-utils@^4.0.0:
  version "4.0.0"
  resolved "https://registry.yarnpkg.com/schema-utils/-/schema-utils-4.0.0.tgz#60331e9e3ae78ec5d16353c467c34b3a0a1d3df7"
  integrity sha512-1edyXKgh6XnJsJSQ8mKWXnN/BVaIbFMLpouRUrXgVq7WYne5kw3MW7UPhO44uRXQSIpTSXoJbmrR2X0w9kUTyg==
  dependencies:
    "@types/json-schema" "^7.0.9"
    ajv "^8.8.0"
    ajv-formats "^2.1.1"
    ajv-keywords "^5.0.0"

semver@^7.3.8:
  version "7.3.8"
  resolved "https://registry.yarnpkg.com/semver/-/semver-7.3.8.tgz#07a78feafb3f7b32347d725e33de7e2a2df67798"
  integrity sha512-NB1ctGL5rlHrPJtFDVIVzTyQylMLu9N9VICA6HSFJo8MCGVTMW6gfpicwKmmK/dAjTOrqu5l63JJOpDSrAis3A==
  dependencies:
    lru-cache "^6.0.0"

serialize-javascript@^6.0.0:
  version "6.0.1"
  resolved "https://registry.yarnpkg.com/serialize-javascript/-/serialize-javascript-6.0.1.tgz#b206efb27c3da0b0ab6b52f48d170b7996458e5c"
  integrity sha512-owoXEFjWRllis8/M1Q+Cw5k8ZH40e3zhp/ovX+Xr/vi1qj6QesbyXXViFbpNvWvPNAD62SutwEXavefrLJWj7w==
  dependencies:
    randombytes "^2.1.0"

source-map-js@^1.0.2:
  version "1.0.2"
  resolved "https://registry.yarnpkg.com/source-map-js/-/source-map-js-1.0.2.tgz#adbc361d9c62df380125e7f161f71c826f1e490c"
  integrity sha512-R0XvVJ9WusLiqTCEiGCmICCMplcCkIwwR11mOSD9CR5u+IXYdiseeEuXCVAjS54zqwkLcPNnmU4OeJ6tUrWhDw==

source-map@^0.6.1:
  version "0.6.1"
  resolved "https://registry.yarnpkg.com/source-map/-/source-map-0.6.1.tgz#74722af32e9614e9c287a8d0bbde48b5e2f1a263"
  integrity sha512-UjgapumWlbMhkBgzT7Ykc5YXUT46F0iKu8SGXq0bcwP5dz/h0Plj6enJqjz1Zbq2l5WaqYnrVbwWOWMyF3F47g==

stable@^0.1.8:
  version "0.1.8"
  resolved "https://registry.yarnpkg.com/stable/-/stable-0.1.8.tgz#836eb3c8382fe2936feaf544631017ce7d47a3cf"
  integrity sha512-ji9qxRnOVfcuLDySj9qzhGSEFVobyt1kIOSkj1qZzYLzq7Tos/oUUWvotUPQLlrsidqsK6tBH89Bc9kL5zHA6w==

style-loader@^3.3.1:
  version "3.3.1"
  resolved "https://registry.yarnpkg.com/style-loader/-/style-loader-3.3.1.tgz#057dfa6b3d4d7c7064462830f9113ed417d38575"
  integrity sha512-GPcQ+LDJbrcxHORTRes6Jy2sfvK2kS6hpSfI/fXhPt+spVzxF6LJ1dHLN9zIGmVaaP044YKaIatFaufENRiDoQ==

stylehacks@^5.1.1:
  version "5.1.1"
  resolved "https://registry.yarnpkg.com/stylehacks/-/stylehacks-5.1.1.tgz#7934a34eb59d7152149fa69d6e9e56f2fc34bcc9"
  integrity sha512-sBpcd5Hx7G6seo7b1LkpttvTz7ikD0LlH5RmdcBNb6fFR0Fl7LQwHDFr300q4cwUqi+IYrFGmsIHieMBfnN/Bw==
  dependencies:
    browserslist "^4.21.4"
    postcss-selector-parser "^6.0.4"

supports-color@^7.1.0:
  version "7.2.0"
  resolved "https://registry.yarnpkg.com/supports-color/-/supports-color-7.2.0.tgz#1b7dcdcb32b8138801b3e478ba6a51caa89648da"
  integrity sha512-qpCAvRl9stuOHveKsn7HncJRvv501qIacKzQlO/+Lwxc9+0q2wLyv4Dfvt80/DPn2pqOBsJdDiogXGR9+OvwRw==
  dependencies:
    has-flag "^4.0.0"

supports-color@^8.0.0:
  version "8.1.1"
  resolved "https://registry.yarnpkg.com/supports-color/-/supports-color-8.1.1.tgz#cd6fc17e28500cff56c1b86c0a7fd4a54a73005c"
  integrity sha512-MpUEN2OodtUzxvKQl72cUF7RQ5EiHsGvSsVG0ia9c5RbWGL2CI4C7EpPS8UTBIplnlzZiNuV56w+FuNxy3ty2Q==
  dependencies:
    has-flag "^4.0.0"

svgo@^2.7.0:
  version "2.8.0"
  resolved "https://registry.yarnpkg.com/svgo/-/svgo-2.8.0.tgz#4ff80cce6710dc2795f0c7c74101e6764cfccd24"
  integrity sha512-+N/Q9kV1+F+UeWYoSiULYo4xYSDQlTgb+ayMobAXPwMnLvop7oxKMo9OzIrX5x3eS4L4f2UHhc9axXwY8DpChg==
  dependencies:
    "@trysound/sax" "0.2.0"
    commander "^7.2.0"
    css-select "^4.1.3"
    css-tree "^1.1.3"
    csso "^4.2.0"
    picocolors "^1.0.0"
    stable "^0.1.8"

to-fast-properties@^2.0.0:
  version "2.0.0"
  resolved "https://registry.yarnpkg.com/to-fast-properties/-/to-fast-properties-2.0.0.tgz#dc5e698cbd079265bc73e0377681a4e4e83f616e"
  integrity sha512-/OaKK0xYrs3DmxRYqL/yDc+FxFUVYhDlXMhRmv3z915w2HF1tnN1omB354j8VUGO/hbRzyD6Y3sA7v7GS/ceog==

update-browserslist-db@^1.0.10:
  version "1.0.10"
  resolved "https://registry.yarnpkg.com/update-browserslist-db/-/update-browserslist-db-1.0.10.tgz#0f54b876545726f17d00cd9a2561e6dade943ff3"
  integrity sha512-OztqDenkfFkbSG+tRxBeAnCVPckDBcvibKd35yDONx6OU8N7sqgwc7rCbkJ/WcYtVRZ4ba68d6byhC21GFh7sQ==
  dependencies:
    escalade "^3.1.1"
    picocolors "^1.0.0"

uri-js@^4.2.2:
  version "4.4.1"
  resolved "https://registry.yarnpkg.com/uri-js/-/uri-js-4.4.1.tgz#9b1a52595225859e55f669d928f88c6c57f2a77e"
  integrity sha512-7rKUyy33Q1yc98pQ1DAmLtwX109F7TIfWlW1Ydo8Wl1ii1SeHieeh0HHfPeL2fMXK6z0s8ecKs9frCuLJvndBg==
  dependencies:
    punycode "^2.1.0"

util-deprecate@^1.0.2:
  version "1.0.2"
  resolved "https://registry.yarnpkg.com/util-deprecate/-/util-deprecate-1.0.2.tgz#450d4dc9fa70de732762fbd2d4a28981419a0ccf"
  integrity sha512-EPD5q1uXyFxJpCrLnCc1nHnq3gOa6DZBocAIiI2TaSCA7VCJ1UJDMagCzIkXNsUYfD1daK//LTEQ8xiIbrHtcw==

yallist@^4.0.0:
  version "4.0.0"
  resolved "https://registry.yarnpkg.com/yallist/-/yallist-4.0.0.tgz#9bb92790d9c0effec63be73519e11a35019a3a72"
  integrity sha512-3wdGidZyq5PB084XLES5TpOSRA3wjXAlIWMhum2kRcv/41Sn2emQ0dycQW4uZXLejwKvg6EsvbdlVL+FYEct7A==

yaml@^1.10.2:
  version "1.10.2"
  resolved "https://registry.yarnpkg.com/yaml/-/yaml-1.10.2.tgz#2301c5ffbf12b467de8da2333a459e29e7920e4b"
  integrity sha512-r3vXyErRCYJ7wg28yvBY5VSoAF8ZvlcW9/BwUzEtUsjvX/DKs24dIkuwjtuprwJJHsbyUbLApepYTR1BN4uHrg==
